// !$*UTF8*$!
{
	archiveVersion = 1;
	classes = {
	};
	objectVersion = 50;
	objects = {

/* Begin PBXBuildFile section */
		F4AD95DA211E23BD000DE770 /* AppDelegate.swift in Sources */ = {isa = PBXBuildFile; fileRef = F4AD95D9211E23BD000DE770 /* AppDelegate.swift */; };
		F4AD95DC211E23BD000DE770 /* ViewController.swift in Sources */ = {isa = PBXBuildFile; fileRef = F4AD95DB211E23BD000DE770 /* ViewController.swift */; };
		F4AD95DF211E23BD000DE770 /* Main.storyboard in Resources */ = {isa = PBXBuildFile; fileRef = F4AD95DD211E23BD000DE770 /* Main.storyboard */; };
		F4AD95E1211E23BE000DE770 /* Assets.xcassets in Resources */ = {isa = PBXBuildFile; fileRef = F4AD95E0211E23BE000DE770 /* Assets.xcassets */; };
		F4AD95E4211E23BE000DE770 /* LaunchScreen.storyboard in Resources */ = {isa = PBXBuildFile; fileRef = F4AD95E2211E23BE000DE770 /* LaunchScreen.storyboard */; };
		F4AD95EF211E23BE000DE770 /* IMCTests.swift in Sources */ = {isa = PBXBuildFile; fileRef = F4AD95EE211E23BE000DE770 /* IMCTests.swift */; };
		F4AD95FA211E23BE000DE770 /* IMCUITests.swift in Sources */ = {isa = PBXBuildFile; fileRef = F4AD95F9211E23BE000DE770 /* IMCUITests.swift */; };
/* End PBXBuildFile section */

/* Begin PBXContainerItemProxy section */
		F4AD95EB211E23BE000DE770 /* PBXContainerItemProxy */ = {
			isa = PBXContainerItemProxy;
			containerPortal = F4AD95CE211E23BC000DE770 /* Project object */;
			proxyType = 1;
			remoteGlobalIDString = F4AD95D5211E23BC000DE770;
			remoteInfo = IMC;
		};
		F4AD95F6211E23BE000DE770 /* PBXContainerItemProxy */ = {
			isa = PBXContainerItemProxy;
			containerPortal = F4AD95CE211E23BC000DE770 /* Project object */;
			proxyType = 1;
			remoteGlobalIDString = F4AD95D5211E23BC000DE770;
			remoteInfo = IMC;
		};
/* End PBXContainerItemProxy section */

/* Begin PBXFileReference section */
		F46C7D13212B37C700429352 /* en */ = {isa = PBXFileReference; lastKnownFileType = file.storyboard; name = en; path = en.lproj/LaunchScreen.storyboard; sourceTree = "<group>"; };
		F46C7D14212B37C700429352 /* en */ = {isa = PBXFileReference; lastKnownFileType = file.storyboard; name = en; path = en.lproj/Main.storyboard; sourceTree = "<group>"; };
		F4AD95D6211E23BC000DE770 /* IMC.app */ = {isa = PBXFileReference; explicitFileType = wrapper.application; includeInIndex = 0; path = IMC.app; sourceTree = BUILT_PRODUCTS_DIR; };
		F4AD95D9211E23BD000DE770 /* AppDelegate.swift */ = {isa = PBXFileReference; lastKnownFileType = sourcecode.swift; path = AppDelegate.swift; sourceTree = "<group>"; };
		F4AD95DB211E23BD000DE770 /* ViewController.swift */ = {isa = PBXFileReference; lastKnownFileType = sourcecode.swift; path = ViewController.swift; sourceTree = "<group>"; };
		F4AD95DE211E23BD000DE770 /* Base */ = {isa = PBXFileReference; lastKnownFileType = file.storyboard; name = Base; path = Base.lproj/Main.storyboard; sourceTree = "<group>"; };
		F4AD95E0211E23BE000DE770 /* Assets.xcassets */ = {isa = PBXFileReference; lastKnownFileType = folder.assetcatalog; path = Assets.xcassets; sourceTree = "<group>"; };
		F4AD95E3211E23BE000DE770 /* Base */ = {isa = PBXFileReference; lastKnownFileType = file.storyboard; name = Base; path = Base.lproj/LaunchScreen.storyboard; sourceTree = "<group>"; };
		F4AD95E5211E23BE000DE770 /* Info.plist */ = {isa = PBXFileReference; lastKnownFileType = text.plist.xml; path = Info.plist; sourceTree = "<group>"; };
		F4AD95EA211E23BE000DE770 /* IMCTests.xctest */ = {isa = PBXFileReference; explicitFileType = wrapper.cfbundle; includeInIndex = 0; path = IMCTests.xctest; sourceTree = BUILT_PRODUCTS_DIR; };
		F4AD95EE211E23BE000DE770 /* IMCTests.swift */ = {isa = PBXFileReference; lastKnownFileType = sourcecode.swift; path = IMCTests.swift; sourceTree = "<group>"; };
		F4AD95F0211E23BE000DE770 /* Info.plist */ = {isa = PBXFileReference; lastKnownFileType = text.plist.xml; path = Info.plist; sourceTree = "<group>"; };
		F4AD95F5211E23BE000DE770 /* IMCUITests.xctest */ = {isa = PBXFileReference; explicitFileType = wrapper.cfbundle; includeInIndex = 0; path = IMCUITests.xctest; sourceTree = BUILT_PRODUCTS_DIR; };
		F4AD95F9211E23BE000DE770 /* IMCUITests.swift */ = {isa = PBXFileReference; lastKnownFileType = sourcecode.swift; path = IMCUITests.swift; sourceTree = "<group>"; };
		F4AD95FB211E23BE000DE770 /* Info.plist */ = {isa = PBXFileReference; lastKnownFileType = text.plist.xml; path = Info.plist; sourceTree = "<group>"; };
/* End PBXFileReference section */

/* Begin PBXFrameworksBuildPhase section */
		F4AD95D3211E23BC000DE770 /* Frameworks */ = {
			isa = PBXFrameworksBuildPhase;
			buildActionMask = 2147483647;
			files = (
			);
			runOnlyForDeploymentPostprocessing = 0;
		};
		F4AD95E7211E23BE000DE770 /* Frameworks */ = {
			isa = PBXFrameworksBuildPhase;
			buildActionMask = 2147483647;
			files = (
			);
			runOnlyForDeploymentPostprocessing = 0;
		};
		F4AD95F2211E23BE000DE770 /* Frameworks */ = {
			isa = PBXFrameworksBuildPhase;
			buildActionMask = 2147483647;
			files = (
			);
			runOnlyForDeploymentPostprocessing = 0;
		};
/* End PBXFrameworksBuildPhase section */

/* Begin PBXGroup section */
		F4AD95CD211E23BC000DE770 = {
			isa = PBXGroup;
			children = (
				F4AD95D8211E23BC000DE770 /* IMC */,
				F4AD95ED211E23BE000DE770 /* IMCTests */,
				F4AD95F8211E23BE000DE770 /* IMCUITests */,
				F4AD95D7211E23BC000DE770 /* Products */,
			);
			sourceTree = "<group>";
		};
		F4AD95D7211E23BC000DE770 /* Products */ = {
			isa = PBXGroup;
			children = (
				F4AD95D6211E23BC000DE770 /* IMC.app */,
				F4AD95EA211E23BE000DE770 /* IMCTests.xctest */,
				F4AD95F5211E23BE000DE770 /* IMCUITests.xctest */,
			);
			name = Products;
			sourceTree = "<group>";
		};
		F4AD95D8211E23BC000DE770 /* IMC */ = {
			isa = PBXGroup;
			children = (
				F4AD95D9211E23BD000DE770 /* AppDelegate.swift */,
				F4AD95DB211E23BD000DE770 /* ViewController.swift */,
				F4AD95DD211E23BD000DE770 /* Main.storyboard */,
				F4AD95E0211E23BE000DE770 /* Assets.xcassets */,
				F4AD95E2211E23BE000DE770 /* LaunchScreen.storyboard */,
				F4AD95E5211E23BE000DE770 /* Info.plist */,
			);
			path = IMC;
			sourceTree = "<group>";
		};
		F4AD95ED211E23BE000DE770 /* IMCTests */ = {
			isa = PBXGroup;
			children = (
				F4AD95EE211E23BE000DE770 /* IMCTests.swift */,
				F4AD95F0211E23BE000DE770 /* Info.plist */,
			);
			path = IMCTests;
			sourceTree = "<group>";
		};
		F4AD95F8211E23BE000DE770 /* IMCUITests */ = {
			isa = PBXGroup;
			children = (
				F4AD95F9211E23BE000DE770 /* IMCUITests.swift */,
				F4AD95FB211E23BE000DE770 /* Info.plist */,
			);
			path = IMCUITests;
			sourceTree = "<group>";
		};
/* End PBXGroup section */

/* Begin PBXNativeTarget section */
		F4AD95D5211E23BC000DE770 /* IMC */ = {
			isa = PBXNativeTarget;
			buildConfigurationList = F4AD95FE211E23BE000DE770 /* Build configuration list for PBXNativeTarget "IMC" */;
			buildPhases = (
				F4AD95D2211E23BC000DE770 /* Sources */,
				F4AD95D3211E23BC000DE770 /* Frameworks */,
				F4AD95D4211E23BC000DE770 /* Resources */,
			);
			buildRules = (
			);
			dependencies = (
			);
			name = IMC;
			productName = IMC;
			productReference = F4AD95D6211E23BC000DE770 /* IMC.app */;
			productType = "com.apple.product-type.application";
		};
		F4AD95E9211E23BE000DE770 /* IMCTests */ = {
			isa = PBXNativeTarget;
			buildConfigurationList = F4AD9601211E23BE000DE770 /* Build configuration list for PBXNativeTarget "IMCTests" */;
			buildPhases = (
				F4AD95E6211E23BE000DE770 /* Sources */,
				F4AD95E7211E23BE000DE770 /* Frameworks */,
				F4AD95E8211E23BE000DE770 /* Resources */,
			);
			buildRules = (
			);
			dependencies = (
				F4AD95EC211E23BE000DE770 /* PBXTargetDependency */,
			);
			name = IMCTests;
			productName = IMCTests;
			productReference = F4AD95EA211E23BE000DE770 /* IMCTests.xctest */;
			productType = "com.apple.product-type.bundle.unit-test";
		};
		F4AD95F4211E23BE000DE770 /* IMCUITests */ = {
			isa = PBXNativeTarget;
			buildConfigurationList = F4AD9604211E23BE000DE770 /* Build configuration list for PBXNativeTarget "IMCUITests" */;
			buildPhases = (
				F4AD95F1211E23BE000DE770 /* Sources */,
				F4AD95F2211E23BE000DE770 /* Frameworks */,
				F4AD95F3211E23BE000DE770 /* Resources */,
			);
			buildRules = (
			);
			dependencies = (
				F4AD95F7211E23BE000DE770 /* PBXTargetDependency */,
			);
			name = IMCUITests;
			productName = IMCUITests;
			productReference = F4AD95F5211E23BE000DE770 /* IMCUITests.xctest */;
			productType = "com.apple.product-type.bundle.ui-testing";
		};
/* End PBXNativeTarget section */

/* Begin PBXProject section */
		F4AD95CE211E23BC000DE770 /* Project object */ = {
			isa = PBXProject;
			attributes = {
				LastSwiftUpdateCheck = 0940;
				LastUpgradeCheck = 0940;
				ORGANIZATIONNAME = "Liu Vasconcelos";
				TargetAttributes = {
					F4AD95D5211E23BC000DE770 = {
						CreatedOnToolsVersion = 9.4.1;
					};
					F4AD95E9211E23BE000DE770 = {
						CreatedOnToolsVersion = 9.4.1;
						TestTargetID = F4AD95D5211E23BC000DE770;
					};
					F4AD95F4211E23BE000DE770 = {
						CreatedOnToolsVersion = 9.4.1;
						TestTargetID = F4AD95D5211E23BC000DE770;
					};
				};
			};
			buildConfigurationList = F4AD95D1211E23BC000DE770 /* Build configuration list for PBXProject "IMC" */;
			compatibilityVersion = "Xcode 9.3";
			developmentRegion = en;
			hasScannedForEncodings = 0;
			knownRegions = (
				Base,
			);
			mainGroup = F4AD95CD211E23BC000DE770;
			productRefGroup = F4AD95D7211E23BC000DE770 /* Products */;
			projectDirPath = "";
			projectRoot = "";
			targets = (
				F4AD95D5211E23BC000DE770 /* IMC */,
				F4AD95E9211E23BE000DE770 /* IMCTests */,
				F4AD95F4211E23BE000DE770 /* IMCUITests */,
			);
		};
/* End PBXProject section */

/* Begin PBXResourcesBuildPhase section */
		F4AD95D4211E23BC000DE770 /* Resources */ = {
			isa = PBXResourcesBuildPhase;
			buildActionMask = 2147483647;
			files = (
				F4AD95E4211E23BE000DE770 /* LaunchScreen.storyboard in Resources */,
				F4AD95E1211E23BE000DE770 /* Assets.xcassets in Resources */,
				F4AD95DF211E23BD000DE770 /* Main.storyboard in Resources */,
			);
			runOnlyForDeploymentPostprocessing = 0;
		};
		F4AD95E8211E23BE000DE770 /* Resources */ = {
			isa = PBXResourcesBuildPhase;
			buildActionMask = 2147483647;
			files = (
			);
			runOnlyForDeploymentPostprocessing = 0;
		};
		F4AD95F3211E23BE000DE770 /* Resources */ = {
			isa = PBXResourcesBuildPhase;
			buildActionMask = 2147483647;
			files = (
			);
			runOnlyForDeploymentPostprocessing = 0;
		};
/* End PBXResourcesBuildPhase section */

/* Begin PBXSourcesBuildPhase section */
		F4AD95D2211E23BC000DE770 /* Sources */ = {
			isa = PBXSourcesBuildPhase;
			buildActionMask = 2147483647;
			files = (
				F4AD95DC211E23BD000DE770 /* ViewController.swift in Sources */,
				F4AD95DA211E23BD000DE770 /* AppDelegate.swift in Sources */,
			);
			runOnlyForDeploymentPostprocessing = 0;
		};
		F4AD95E6211E23BE000DE770 /* Sources */ = {
			isa = PBXSourcesBuildPhase;
			buildActionMask = 2147483647;
			files = (
				F4AD95EF211E23BE000DE770 /* IMCTests.swift in Sources */,
			);
			runOnlyForDeploymentPostprocessing = 0;
		};
		F4AD95F1211E23BE000DE770 /* Sources */ = {
			isa = PBXSourcesBuildPhase;
			buildActionMask = 2147483647;
			files = (
				F4AD95FA211E23BE000DE770 /* IMCUITests.swift in Sources */,
			);
			runOnlyForDeploymentPostprocessing = 0;
		};
/* End PBXSourcesBuildPhase section */

/* Begin PBXTargetDependency section */
		F4AD95EC211E23BE000DE770 /* PBXTargetDependency */ = {
			isa = PBXTargetDependency;
			target = F4AD95D5211E23BC000DE770 /* IMC */;
			targetProxy = F4AD95EB211E23BE000DE770 /* PBXContainerItemProxy */;
		};
		F4AD95F7211E23BE000DE770 /* PBXTargetDependency */ = {
			isa = PBXTargetDependency;
			target = F4AD95D5211E23BC000DE770 /* IMC */;
			targetProxy = F4AD95F6211E23BE000DE770 /* PBXContainerItemProxy */;
		};
/* End PBXTargetDependency section */

/* Begin PBXVariantGroup section */
		F4AD95DD211E23BD000DE770 /* Main.storyboard */ = {
			isa = PBXVariantGroup;
			children = (
				F4AD95DE211E23BD000DE770 /* Base */,
				F46C7D14212B37C700429352 /* en */,
			);
			name = Main.storyboard;
			sourceTree = "<group>";
		};
		F4AD95E2211E23BE000DE770 /* LaunchScreen.storyboard */ = {
			isa = PBXVariantGroup;
			children = (
				F4AD95E3211E23BE000DE770 /* Base */,
				F46C7D13212B37C700429352 /* en */,
			);
			name = LaunchScreen.storyboard;
			sourceTree = "<group>";
		};
/* End PBXVariantGroup section */

/* Begin XCBuildConfiguration section */
		F4AD95FC211E23BE000DE770 /* Debug */ = {
			isa = XCBuildConfiguration;
			buildSettings = {
				ALWAYS_SEARCH_USER_PATHS = NO;
				CLANG_ANALYZER_LOCALIZABILITY_NONLOCALIZED = YES;
				CLANG_ANALYZER_NONNULL = YES;
				CLANG_ANALYZER_NUMBER_OBJECT_CONVERSION = YES_AGGRESSIVE;
				CLANG_CXX_LANGUAGE_STANDARD = "gnu++14";
				CLANG_CXX_LIBRARY = "libc++";
				CLANG_ENABLE_MODULES = YES;
				CLANG_ENABLE_OBJC_ARC = YES;
				CLANG_ENABLE_OBJC_WEAK = YES;
				CLANG_WARN_BLOCK_CAPTURE_AUTORELEASING = YES;
				CLANG_WARN_BOOL_CONVERSION = YES;
				CLANG_WARN_COMMA = YES;
				CLANG_WARN_CONSTANT_CONVERSION = YES;
				CLANG_WARN_DEPRECATED_OBJC_IMPLEMENTATIONS = YES;
				CLANG_WARN_DIRECT_OBJC_ISA_USAGE = YES_ERROR;
				CLANG_WARN_DOCUMENTATION_COMMENTS = YES;
				CLANG_WARN_EMPTY_BODY = YES;
				CLANG_WARN_ENUM_CONVERSION = YES;
				CLANG_WARN_INFINITE_RECURSION = YES;
				CLANG_WARN_INT_CONVERSION = YES;
				CLANG_WARN_NON_LITERAL_NULL_CONVERSION = YES;
				CLANG_WARN_OBJC_IMPLICIT_RETAIN_SELF = YES;
				CLANG_WARN_OBJC_LITERAL_CONVERSION = YES;
				CLANG_WARN_OBJC_ROOT_CLASS = YES_ERROR;
				CLANG_WARN_RANGE_LOOP_ANALYSIS = YES;
				CLANG_WARN_STRICT_PROTOTYPES = YES;
				CLANG_WARN_SUSPICIOUS_MOVE = YES;
				CLANG_WARN_UNGUARDED_AVAILABILITY = YES_AGGRESSIVE;
				CLANG_WARN_UNREACHABLE_CODE = YES;
				CLANG_WARN__DUPLICATE_METHOD_MATCH = YES;
				CODE_SIGN_IDENTITY = "iPhone Developer";
				COPY_PHASE_STRIP = NO;
				DEBUG_INFORMATION_FORMAT = dwarf;
				ENABLE_STRICT_OBJC_MSGSEND = YES;
				ENABLE_TESTABILITY = YES;
				GCC_C_LANGUAGE_STANDARD = gnu11;
				GCC_DYNAMIC_NO_PIC = NO;
				GCC_NO_COMMON_BLOCKS = YES;
				GCC_OPTIMIZATION_LEVEL = 0;
				GCC_PREPROCESSOR_DEFINITIONS = (
					"DEBUG=1",
					"$(inherited)",
				);
				GCC_WARN_64_TO_32_BIT_CONVERSION = YES;
				GCC_WARN_ABOUT_RETURN_TYPE = YES_ERROR;
				GCC_WARN_UNDECLARED_SELECTOR = YES;
				GCC_WARN_UNINITIALIZED_AUTOS = YES_AGGRESSIVE;
				GCC_WARN_UNUSED_FUNCTION = YES;
				GCC_WARN_UNUSED_VARIABLE = YES;
				IPHONEOS_DEPLOYMENT_TARGET = 11.4;
				MTL_ENABLE_DEBUG_INFO = YES;
				ONLY_ACTIVE_ARCH = YES;
				SDKROOT = iphoneos;
				SWIFT_ACTIVE_COMPILATION_CONDITIONS = DEBUG;
				SWIFT_OPTIMIZATION_LEVEL = "-Onone";
			};
			name = Debug;
		};
		F4AD95FD211E23BE000DE770 /* Release */ = {
			isa = XCBuildConfiguration;
			buildSettings = {
				ALWAYS_SEARCH_USER_PATHS = NO;
				CLANG_ANALYZER_LOCALIZABILITY_NONLOCALIZED = YES;
				CLANG_ANALYZER_NONNULL = YES;
				CLANG_ANALYZER_NUMBER_OBJECT_CONVERSION = YES_AGGRESSIVE;
				CLANG_CXX_LANGUAGE_STANDARD = "gnu++14";
				CLANG_CXX_LIBRARY = "libc++";
				CLANG_ENABLE_MODULES = YES;
				CLANG_ENABLE_OBJC_ARC = YES;
				CLANG_ENABLE_OBJC_WEAK = YES;
				CLANG_WARN_BLOCK_CAPTURE_AUTORELEASING = YES;
				CLANG_WARN_BOOL_CONVERSION = YES;
				CLANG_WARN_COMMA = YES;
				CLANG_WARN_CONSTANT_CONVERSION = YES;
				CLANG_WARN_DEPRECATED_OBJC_IMPLEMENTATIONS = YES;
				CLANG_WARN_DIRECT_OBJC_ISA_USAGE = YES_ERROR;
				CLANG_WARN_DOCUMENTATION_COMMENTS = YES;
				CLANG_WARN_EMPTY_BODY = YES;
				CLANG_WARN_ENUM_CONVERSION = YES;
				CLANG_WARN_INFINITE_RECURSION = YES;
				CLANG_WARN_INT_CONVERSION = YES;
				CLANG_WARN_NON_LITERAL_NULL_CONVERSION = YES;
				CLANG_WARN_OBJC_IMPLICIT_RETAIN_SELF = YES;
				CLANG_WARN_OBJC_LITERAL_CONVERSION = YES;
				CLANG_WARN_OBJC_ROOT_CLASS = YES_ERROR;
				CLANG_WARN_RANGE_LOOP_ANALYSIS = YES;
				CLANG_WARN_STRICT_PROTOTYPES = YES;
				CLANG_WARN_SUSPICIOUS_MOVE = YES;
				CLANG_WARN_UNGUARDED_AVAILABILITY = YES_AGGRESSIVE;
				CLANG_WARN_UNREACHABLE_CODE = YES;
				CLANG_WARN__DUPLICATE_METHOD_MATCH = YES;
				CODE_SIGN_IDENTITY = "iPhone Developer";
				COPY_PHASE_STRIP = NO;
				DEBUG_INFORMATION_FORMAT = "dwarf-with-dsym";
				ENABLE_NS_ASSERTIONS = NO;
				ENABLE_STRICT_OBJC_MSGSEND = YES;
				GCC_C_LANGUAGE_STANDARD = gnu11;
				GCC_NO_COMMON_BLOCKS = YES;
				GCC_WARN_64_TO_32_BIT_CONVERSION = YES;
				GCC_WARN_ABOUT_RETURN_TYPE = YES_ERROR;
				GCC_WARN_UNDECLARED_SELECTOR = YES;
				GCC_WARN_UNINITIALIZED_AUTOS = YES_AGGRESSIVE;
				GCC_WARN_UNUSED_FUNCTION = YES;
				GCC_WARN_UNUSED_VARIABLE = YES;
				IPHONEOS_DEPLOYMENT_TARGET = 11.4;
				MTL_ENABLE_DEBUG_INFO = NO;
				SDKROOT = iphoneos;
				SWIFT_COMPILATION_MODE = wholemodule;
				SWIFT_OPTIMIZATION_LEVEL = "-O";
				VALIDATE_PRODUCT = YES;
			};
			name = Release;
		};
		F4AD95FF211E23BE000DE770 /* Debug */ = {
			isa = XCBuildConfiguration;
			buildSettings = {
				ASSETCATALOG_COMPILER_APPICON_NAME = AppIcon;
				CODE_SIGN_STYLE = Automatic;
				DEVELOPMENT_TEAM = SWAFF648KE;
				INFOPLIST_FILE = IMC/Info.plist;
				LD_RUNPATH_SEARCH_PATHS = (
					"$(inherited)",
					"@executable_path/Frameworks",
				);
				PRODUCT_BUNDLE_IDENTIFIER = br.com.liuvasconcelos.IMC;
				PRODUCT_NAME = "$(TARGET_NAME)";
				SWIFT_VERSION = 4.0;
				TARGETED_DEVICE_FAMILY = "1,2";
			};
			name = Debug;
		};
		F4AD9600211E23BE000DE770 /* Release */ = {
			isa = XCBuildConfiguration;
			buildSettings = {
				ASSETCATALOG_COMPILER_APPICON_NAME = AppIcon;
				CODE_SIGN_STYLE = Automatic;
				DEVELOPMENT_TEAM = SWAFF648KE;
				INFOPLIST_FILE = IMC/Info.plist;
				LD_RUNPATH_SEARCH_PATHS = (
					"$(inherited)",
					"@executable_path/Frameworks",
				);
				PRODUCT_BUNDLE_IDENTIFIER = br.com.liuvasconcelos.IMC;
				PRODUCT_NAME = "$(TARGET_NAME)";
				SWIFT_VERSION = 4.0;
				TARGETED_DEVICE_FAMILY = "1,2";
			};
			name = Release;
		};
		F4AD9602211E23BE000DE770 /* Debug */ = {
			isa = XCBuildConfiguration;
			buildSettings = {
				ALWAYS_EMBED_SWIFT_STANDARD_LIBRARIES = YES;
				BUNDLE_LOADER = "$(TEST_HOST)";
				CODE_SIGN_STYLE = Automatic;
				INFOPLIST_FILE = IMCTests/Info.plist;
				LD_RUNPATH_SEARCH_PATHS = (
					"$(inherited)",
					"@executable_path/Frameworks",
					"@loader_path/Frameworks",
				);
				PRODUCT_BUNDLE_IDENTIFIER = br.com.liuvasconcelos.IMCTests;
				PRODUCT_NAME = "$(TARGET_NAME)";
				SWIFT_VERSION = 4.0;
				TARGETED_DEVICE_FAMILY = "1,2";
				TEST_HOST = "$(BUILT_PRODUCTS_DIR)/IMC.app/IMC";
			};
			name = Debug;
		};
		F4AD9603211E23BE000DE770 /* Release */ = {
			isa = XCBuildConfiguration;
			buildSettings = {
				ALWAYS_EMBED_SWIFT_STANDARD_LIBRARIES = YES;
				BUNDLE_LOADER = "$(TEST_HOST)";
				CODE_SIGN_STYLE = Automatic;
				INFOPLIST_FILE = IMCTests/Info.plist;
				LD_RUNPATH_SEARCH_PATHS = (
					"$(inherited)",
					"@executable_path/Frameworks",
					"@loader_path/Frameworks",
				);
				PRODUCT_BUNDLE_IDENTIFIER = br.com.liuvasconcelos.IMCTests;
				PRODUCT_NAME = "$(TARGET_NAME)";
				SWIFT_VERSION = 4.0;
				TARGETED_DEVICE_FAMILY = "1,2";
				TEST_HOST = "$(BUILT_PRODUCTS_DIR)/IMC.app/IMC";
			};
			name = Release;
		};
		F4AD9605211E23BE000DE770 /* Debug */ = {
			isa = XCBuildConfiguration;
			buildSettings = {
				ALWAYS_EMBED_SWIFT_STANDARD_LIBRARIES = YES;
				CODE_SIGN_STYLE = Automatic;
				INFOPLIST_FILE = IMCUITests/Info.plist;
				LD_RUNPATH_SEARCH_PATHS = (
					"$(inherited)",
					"@executable_path/Frameworks",
					"@loader_path/Frameworks",
				);
				PRODUCT_BUNDLE_IDENTIFIER = br.com.liuvasconcelos.IMCUITests;
				PRODUCT_NAME = "$(TARGET_NAME)";
				SWIFT_VERSION = 4.0;
				TARGETED_DEVICE_FAMILY = "1,2";
				TEST_TARGET_NAME = IMC;
			};
			name = Debug;
		};
		F4AD9606211E23BE000DE770 /* Release */ = {
			isa = XCBuildConfiguration;
			buildSettings = {
				ALWAYS_EMBED_SWIFT_STANDARD_LIBRARIES = YES;
				CODE_SIGN_STYLE = Automatic;
				INFOPLIST_FILE = IMCUITests/Info.plist;
				LD_RUNPATH_SEARCH_PATHS = (
					"$(inherited)",
					"@executable_path/Frameworks",
					"@loader_path/Frameworks",
				);
				PRODUCT_BUNDLE_IDENTIFIER = br.com.liuvasconcelos.IMCUITests;
				PRODUCT_NAME = "$(TARGET_NAME)";
				SWIFT_VERSION = 4.0;
				TARGETED_DEVICE_FAMILY = "1,2";
				TEST_TARGET_NAME = IMC;
			};
			name = Release;
		};
/* End XCBuildConfiguration section */

/* Begin XCConfigurationList section */
		F4AD95D1211E23BC000DE770 /* Build configuration list for PBXProject "IMC" */ = {
			isa = XCConfigurationList;
			buildConfigurations = (
				F4AD95FC211E23BE000DE770 /* Debug */,
				F4AD95FD211E23BE000DE770 /* Release */,
			);
			defaultConfigurationIsVisible = 0;
			defaultConfigurationName = Release;
		};
		F4AD95FE211E23BE000DE770 /* Build configuration list for PBXNativeTarget "IMC" */ = {
			isa = XCConfigurationList;
			buildConfigurations = (
				F4AD95FF211E23BE000DE770 /* Debug */,
				F4AD9600211E23BE000DE770 /* Release */,
			);
			defaultConfigurationIsVisible = 0;
			defaultConfigurationName = Release;
		};
		F4AD9601211E23BE000DE770 /* Build configuration list for PBXNativeTarget "IMCTests" */ = {
			isa = XCConfigurationList;
			buildConfigurations = (
				F4AD9602211E23BE000DE770 /* Debug */,
				F4AD9603211E23BE000DE770 /* Release */,
			);
			defaultConfigurationIsVisible = 0;
			defaultConfigurationName = Release;
		};
		F4AD9604211E23BE000DE770 /* Build configuration list for PBXNativeTarget "IMCUITests" */ = {
			isa = XCConfigurationList;
			buildConfigurations = (
				F4AD9605211E23BE000DE770 /* Debug */,
				F4AD9606211E23BE000DE770 /* Release */,
			);
			defaultConfigurationIsVisible = 0;
			defaultConfigurationName = Release;
		};
/* End XCConfigurationList section */
	};
	rootObject = F4AD95CE211E23BC000DE770 /* Project object */;
}
